
Microsoft Visual Studio Solution File, Format Version 12.00
# Visual Studio Version 17
VisualStudioVersion = 17.14.36414.22 d17.14
MinimumVisualStudioVersion = 10.0.40219.1
Project("{FAE04EC0-301F-11D3-BF4B-00C04F79EFBC}") = "ProsysWork", "ProsysWork\ProsysWork.csproj", "{0424BFDD-4892-4BD9-99BF-7A1452BD3646}"
EndProject
Global
	GlobalSection(SolutionConfigurationPlatforms) = preSolution
		Debug|Any CPU = Debug|Any CPU
		Release|Any CPU = Release|Any CPU
	EndGlobalSection
	GlobalSection(ProjectConfigurationPlatforms) = postSolution
		{0424BFDD-4892-4BD9-99BF-7A1452BD3646}.Debug|Any CPU.ActiveCfg = Debug|Any CPU
		{0424BFDD-4892-4BD9-99BF-7A1452BD3646}.Debug|Any CPU.Build.0 = Debug|Any CPU
		{0424BFDD-4892-4BD9-99BF-7A1452BD3646}.Release|Any CPU.ActiveCfg = Release|Any CPU
		{0424BFDD-4892-4BD9-99BF-7A1452BD3646}.Release|Any CPU.Build.0 = Release|Any CPU
	EndGlobalSection
	GlobalSection(SolutionProperties) = preSolution
		HideSolutionNode = FALSE
	EndGlobalSection
	GlobalSection(ExtensibilityGlobals) = postSolution
		SolutionGuid = {6A15B8FA-0104-4AC3-8560-512298B25C6F}
	EndGlobalSection
EndGlobal
